
Microsoft Visual Studio Solution File, Format Version 12.00
# Visual Studio 15
VisualStudioVersion = 15.0.28010.2016
MinimumVisualStudioVersion = 10.0.40219.1
Project("{FAE04EC0-301F-11D3-BF4B-00C04F79EFBC}") = "DemoApp", "DemoApp\DemoApp.csproj", "{EEB56C8A-9A4B-4E84-8701-33FBD5831608}"
EndProject
Project("{FAE04EC0-301F-11D3-BF4B-00C04F79EFBC}") = "AzureDemoTest", "AzureDemoTest\AzureDemoTest.csproj", "{4560395E-36CA-4CF0-8420-4678E9F56644}"
EndProject
Global
	GlobalSection(SolutionConfigurationPlatforms) = preSolution
		Debug|Any CPU = Debug|Any CPU
		Release|Any CPU = Release|Any CPU
	EndGlobalSection
	GlobalSection(ProjectConfigurationPlatforms) = postSolution
		{EEB56C8A-9A4B-4E84-8701-33FBD5831608}.Debug|Any CPU.ActiveCfg = Debug|Any CPU
		{EEB56C8A-9A4B-4E84-8701-33FBD5831608}.Debug|Any CPU.Build.0 = Debug|Any CPU
		{EEB56C8A-9A4B-4E84-8701-33FBD5831608}.Release|Any CPU.ActiveCfg = Release|Any CPU
		{EEB56C8A-9A4B-4E84-8701-33FBD5831608}.Release|Any CPU.Build.0 = Release|Any CPU
		{4560395E-36CA-4CF0-8420-4678E9F56644}.Debug|Any CPU.ActiveCfg = Debug|Any CPU
		{4560395E-36CA-4CF0-8420-4678E9F56644}.Debug|Any CPU.Build.0 = Debug|Any CPU
		{4560395E-36CA-4CF0-8420-4678E9F56644}.Release|Any CPU.ActiveCfg = Release|Any CPU
		{4560395E-36CA-4CF0-8420-4678E9F56644}.Release|Any CPU.Build.0 = Release|Any CPU
	EndGlobalSection
	GlobalSection(SolutionProperties) = preSolution
		HideSolutionNode = FALSE
	EndGlobalSection
	GlobalSection(ExtensibilityGlobals) = postSolution
		SolutionGuid = {DA7AE28C-F60D-4180-826E-6C96B1CB6695}
	EndGlobalSection
EndGlobal
